
Microsoft Visual Studio Solution File, Format Version 12.00
Project("{FAE04EC0-301F-11D3-BF4B-00C04F79EFBC}") = "DMS_SWEN3", "DMS_SWEN3\DMS_SWEN3.csproj", "{0E06E75E-E726-45D5-AF5A-E20B40C8A1DB}"
EndProject
Project("{2150E333-8FDC-42A3-9474-1A3956D46DE8}") = "Solution Items", "Solution Items", "{2676750E-D9A9-4692-956E-63CC37B9CAA4}"
	ProjectSection(SolutionItems) = preProject
		compose.yaml = compose.yaml
	EndProjectSection
EndProject
Project("{FAE04EC0-301F-11D3-BF4B-00C04F79EFBC}") = "Domain", "Domain\Domain.csproj", "{10DFE4F3-EE22-4528-B744-2438A3F3BDFF}"
EndProject
Project("{FAE04EC0-301F-11D3-BF4B-00C04F79EFBC}") = "Application", "Application\Application.csproj", "{E1DA345B-FD07-4519-B525-9C5956E1282B}"
EndProject
Project("{FAE04EC0-301F-11D3-BF4B-00C04F79EFBC}") = "Infrastructure", "Infrastructure\Infrastructure.csproj", "{928B57C7-BB06-4E98-A515-5FCE5E347941}"
EndProject
Project("{2150E333-8FDC-42A3-9474-1A3956D46DE8}") = "Tests", "Tests", "{13637A9B-1EB7-4C3C-949D-30665306E0A7}"
EndProject
Project("{FAE04EC0-301F-11D3-BF4B-00C04F79EFBC}") = "UnitTests", "UnitTests\UnitTests.csproj", "{F1FADB99-3471-4462-8D83-D6E5A385BC67}"
EndProject
Global
	GlobalSection(SolutionConfigurationPlatforms) = preSolution
		Debug|Any CPU = Debug|Any CPU
		Release|Any CPU = Release|Any CPU
	EndGlobalSection
	GlobalSection(ProjectConfigurationPlatforms) = postSolution
		{0E06E75E-E726-45D5-AF5A-E20B40C8A1DB}.Debug|Any CPU.ActiveCfg = Debug|Any CPU
		{0E06E75E-E726-45D5-AF5A-E20B40C8A1DB}.Debug|Any CPU.Build.0 = Debug|Any CPU
		{0E06E75E-E726-45D5-AF5A-E20B40C8A1DB}.Release|Any CPU.ActiveCfg = Release|Any CPU
		{0E06E75E-E726-45D5-AF5A-E20B40C8A1DB}.Release|Any CPU.Build.0 = Release|Any CPU
		{10DFE4F3-EE22-4528-B744-2438A3F3BDFF}.Debug|Any CPU.ActiveCfg = Debug|Any CPU
		{10DFE4F3-EE22-4528-B744-2438A3F3BDFF}.Debug|Any CPU.Build.0 = Debug|Any CPU
		{10DFE4F3-EE22-4528-B744-2438A3F3BDFF}.Release|Any CPU.ActiveCfg = Release|Any CPU
		{10DFE4F3-EE22-4528-B744-2438A3F3BDFF}.Release|Any CPU.Build.0 = Release|Any CPU
		{E1DA345B-FD07-4519-B525-9C5956E1282B}.Debug|Any CPU.ActiveCfg = Debug|Any CPU
		{E1DA345B-FD07-4519-B525-9C5956E1282B}.Debug|Any CPU.Build.0 = Debug|Any CPU
		{E1DA345B-FD07-4519-B525-9C5956E1282B}.Release|Any CPU.ActiveCfg = Release|Any CPU
		{E1DA345B-FD07-4519-B525-9C5956E1282B}.Release|Any CPU.Build.0 = Release|Any CPU
		{928B57C7-BB06-4E98-A515-5FCE5E347941}.Debug|Any CPU.ActiveCfg = Debug|Any CPU
		{928B57C7-BB06-4E98-A515-5FCE5E347941}.Debug|Any CPU.Build.0 = Debug|Any CPU
		{928B57C7-BB06-4E98-A515-5FCE5E347941}.Release|Any CPU.ActiveCfg = Release|Any CPU
		{928B57C7-BB06-4E98-A515-5FCE5E347941}.Release|Any CPU.Build.0 = Release|Any CPU
		{F1FADB99-3471-4462-8D83-D6E5A385BC67}.Debug|Any CPU.ActiveCfg = Debug|Any CPU
		{F1FADB99-3471-4462-8D83-D6E5A385BC67}.Debug|Any CPU.Build.0 = Debug|Any CPU
		{F1FADB99-3471-4462-8D83-D6E5A385BC67}.Release|Any CPU.ActiveCfg = Release|Any CPU
		{F1FADB99-3471-4462-8D83-D6E5A385BC67}.Release|Any CPU.Build.0 = Release|Any CPU
	EndGlobalSection
	GlobalSection(NestedProjects) = preSolution
		{F1FADB99-3471-4462-8D83-D6E5A385BC67} = {13637A9B-1EB7-4C3C-949D-30665306E0A7}
	EndGlobalSection
EndGlobal
